# This file is generated by running "yarn install" inside your project.
# Manual changes might be lost - proceed with caution!

__metadata:
  version: 8
  cacheKey: 10c0

"@types/node@npm:^20.11.20":
  version: 20.17.27
  resolution: "@types/node@npm:20.17.27"
  dependencies:
    undici-types: "npm:~6.19.2"
  checksum: 10c0/09f30c65e5f2a082eddf26a7ffa859bf2b77e1123829309823e7691227fd5a691b30cd3ac413d65829aa25c1eebd2f717bed80f2f8a7f83aaa6c2c3a047b3504
  languageName: node
  linkType: hard

"ha-gtfs-mta-card@workspace:.":
  version: 0.0.0-use.local
  resolution: "ha-gtfs-mta-card@workspace:."
  dependencies:
    "@types/node": "npm:^20.11.20"
    typescript: "npm:^5.3.3"
  languageName: unknown
  linkType: soft

"typescript@npm:^5.3.3":
  version: 5.8.2
  resolution: "typescript@npm:5.8.2"
  bin:
    tsc: bin/tsc
    tsserver: bin/tsserver
  checksum: 10c0/5c4f6fbf1c6389b6928fe7b8fcd5dc73bb2d58cd4e3883f1d774ed5bd83b151cbac6b7ecf11723de56d4676daeba8713894b1e9af56174f2f9780ae7848ec3c6
  languageName: node
  linkType: hard

"typescript@patch:typescript@npm%3A^5.3.3#optional!builtin<compat/typescript>":
  version: 5.8.2
  resolution: "typescript@patch:typescript@npm%3A5.8.2#optional!builtin<compat/typescript>::version=5.8.2&hash=5786d5"
  bin:
    tsc: bin/tsc
    tsserver: bin/tsserver
  checksum: 10c0/5448a08e595cc558ab321e49d4cac64fb43d1fa106584f6ff9a8d8e592111b373a995a1d5c7f3046211c8a37201eb6d0f1566f15cdb7a62a5e3be01d087848e2
  languageName: node
  linkType: hard

"undici-types@npm:~6.19.2":
  version: 6.19.8
  resolution: "undici-types@npm:6.19.8"
  checksum: 10c0/078afa5990fba110f6824823ace86073b4638f1d5112ee26e790155f481f2a868cc3e0615505b6f4282bdf74a3d8caad715fd809e870c2bb0704e3ea6082f344
  languageName: node
  linkType: hard
